# This file is automatically @generated by Cargo.
# It is not intended for manual editing.
version = 4

[[package]]
name = "archivist-adapter-claude"
version = "0.1.0"
dependencies = [
 "archivist-adapter-sdk",
]

[[package]]
name = "archivist-adapter-codex"
version = "0.1.0"
dependencies = [
 "archivist-adapter-sdk",
]

[[package]]
name = "archivist-adapter-opencode"
version = "0.1.0"
dependencies = [
 "archivist-adapter-sdk",
]

[[package]]
name = "archivist-adapter-pi"
version = "0.1.0"
dependencies = [
 "archivist-adapter-sdk",
]

[[package]]
name = "archivist-adapter-sdk"
version = "0.1.0"
dependencies = [
 "archivist-protocol",
]

[[package]]
name = "archivist-auth"
version = "0.1.0"
dependencies = [
 "archivist-protocol",
]

[[package]]
name = "archivist-cli"
version = "0.1.0"
dependencies = [
 "archivist-adapter-claude",
 "archivist-adapter-codex",
 "archivist-adapter-opencode",
 "archivist-adapter-pi",
 "archivist-adapter-sdk",
 "archivist-auth",
 "archivist-client-core",
 "archivist-protocol",
 "archivist-server",
 "archivist-storage",
 "archivist-storage-s3",
]

[[package]]
name = "archivist-client-core"
version = "0.1.0"
dependencies = [
 "archivist-adapter-sdk",
 "archivist-protocol",
]

[[package]]
name = "archivist-protocol"
version = "0.1.0"

[[package]]
name = "archivist-server"
version = "0.1.0"
dependencies = [
 "archivist-auth",
 "archivist-protocol",
 "archivist-storage",
]

[[package]]
name = "archivist-storage"
version = "0.1.0"
dependencies = [
 "archivist-protocol",
]

[[package]]
name = "archivist-storage-s3"
version = "0.1.0"
dependencies = [
 "archivist-storage",
]
